# This file is automatically @generated by Cargo.
# It is not intended for manual editing.
version = 3

[[package]]
name = "clib"
version = "0.1.1"
source = "git+https://github.com/leefordjudes/clib#e0b86e6278aaca250d721c090e32fece17a9122e"

[[package]]
name = "cpro"
version = "0.1.0"
dependencies = [
 "clib",
]
